
Microsoft Visual Studio Solution File, Format Version 12.00
# Visual Studio Version 17
VisualStudioVersion = 17.7.34221.43
MinimumVisualStudioVersion = 10.0.40219.1
Project("{FAE04EC0-301F-11D3-BF4B-00C04F79EFBC}") = "RandomHobbyGenerator", "RandomHobbyGenerator\RandomHobbyGenerator.csproj", "{0E58949C-EB26-43A1-A800-1D08ED6F3D94}"
EndProject
Global
	GlobalSection(SolutionConfigurationPlatforms) = preSolution
		Debug|Any CPU = Debug|Any CPU
		Release|Any CPU = Release|Any CPU
	EndGlobalSection
	GlobalSection(ProjectConfigurationPlatforms) = postSolution
		{0E58949C-EB26-43A1-A800-1D08ED6F3D94}.Debug|Any CPU.ActiveCfg = Debug|Any CPU
		{0E58949C-EB26-43A1-A800-1D08ED6F3D94}.Debug|Any CPU.Build.0 = Debug|Any CPU
		{0E58949C-EB26-43A1-A800-1D08ED6F3D94}.Release|Any CPU.ActiveCfg = Release|Any CPU
		{0E58949C-EB26-43A1-A800-1D08ED6F3D94}.Release|Any CPU.Build.0 = Release|Any CPU
	EndGlobalSection
	GlobalSection(SolutionProperties) = preSolution
		HideSolutionNode = FALSE
	EndGlobalSection
	GlobalSection(ExtensibilityGlobals) = postSolution
		SolutionGuid = {B124F8E8-D82E-48DE-A6C4-C76451CB63C8}
	EndGlobalSection
EndGlobal
